
Microsoft Visual Studio Solution File, Format Version 12.00
# Visual Studio 2013
VisualStudioVersion = 12.0.31101.0
MinimumVisualStudioVersion = 10.0.40219.1
Project("{F2A71F9B-5D33-465A-A702-920D77279786}") = "Emulator", "Emulator\Emulator.fsproj", "{FBA79C59-D08D-48F6-B33C-CC06CE6410FB}"
EndProject
Global
	GlobalSection(SolutionConfigurationPlatforms) = preSolution
		Debug|Any CPU = Debug|Any CPU
		Release|Any CPU = Release|Any CPU
	EndGlobalSection
	GlobalSection(ProjectConfigurationPlatforms) = postSolution
		{FBA79C59-D08D-48F6-B33C-CC06CE6410FB}.Debug|Any CPU.ActiveCfg = Debug|Any CPU
		{FBA79C59-D08D-48F6-B33C-CC06CE6410FB}.Debug|Any CPU.Build.0 = Debug|Any CPU
		{FBA79C59-D08D-48F6-B33C-CC06CE6410FB}.Release|Any CPU.ActiveCfg = Release|Any CPU
		{FBA79C59-D08D-48F6-B33C-CC06CE6410FB}.Release|Any CPU.Build.0 = Release|Any CPU
	EndGlobalSection
	GlobalSection(SolutionProperties) = preSolution
		HideSolutionNode = FALSE
	EndGlobalSection
EndGlobal
